// !$*UTF8*$!
{
	archiveVersion = 1;
	classes = {
	};
	objectVersion = 46;
	objects = {

/* Begin PBXBuildFile section */
		290106981A02CDA9003C0F05 /* TextAlertViewCell.xib in Resources */ = {isa = PBXBuildFile; fileRef = 290106971A02CDA9003C0F05 /* TextAlertViewCell.xib */; };
		2901069A1A02CE0B003C0F05 /* TextAlertViewCell.swift in Sources */ = {isa = PBXBuildFile; fileRef = 290106991A02CE0B003C0F05 /* TextAlertViewCell.swift */; };
		2901DB7119FEDCB200E25788 /* UIColor.swift in Sources */ = {isa = PBXBuildFile; fileRef = 2901DB7019FEDCB100E25788 /* UIColor.swift */; };
		2901DB7419FEF71500E25788 /* UIColors.swift in Sources */ = {isa = PBXBuildFile; fileRef = 2901DB7319FEF71500E25788 /* UIColors.swift */; };
		2917E7CD1A1640290050B757 /* PollsQuestion.swift in Sources */ = {isa = PBXBuildFile; fileRef = 2917E7CC1A1640290050B757 /* PollsQuestion.swift */; };
		2938A56C19F6D7AA00A72879 /* MainViewController.swift in Sources */ = {isa = PBXBuildFile; fileRef = 2938A55919F6D7AA00A72879 /* MainViewController.swift */; };
		2938A56D19F6D7AA00A72879 /* AppDelegate.swift in Sources */ = {isa = PBXBuildFile; fileRef = 2938A55B19F6D7AA00A72879 /* AppDelegate.swift */; };
		293BB69C19F6A011004AF345 /* CoreData.framework in Frameworks */ = {isa = PBXBuildFile; fileRef = 293BB69B19F6A011004AF345 /* CoreData.framework */; };
		296160331A23615D00343359 /* PollsChoiceView.swift in Sources */ = {isa = PBXBuildFile; fileRef = 296160311A23615D00343359 /* PollsChoiceView.swift */; };
		296160341A23615D00343359 /* PollsChoiceView.xib in Resources */ = {isa = PBXBuildFile; fileRef = 296160321A23615D00343359 /* PollsChoiceView.xib */; };
		296160361A23657600343359 /* BaseAlertViewCell.swift in Sources */ = {isa = PBXBuildFile; fileRef = 296160351A23657600343359 /* BaseAlertViewCell.swift */; };
		2961603F1A237C5700343359 /* PollsAlertViewCell.swift in Sources */ = {isa = PBXBuildFile; fileRef = 2961603D1A237C5700343359 /* PollsAlertViewCell.swift */; };
		296160401A237C5700343359 /* PollsAlertViewCell.xib in Resources */ = {isa = PBXBuildFile; fileRef = 2961603E1A237C5700343359 /* PollsAlertViewCell.xib */; };
		296C65A41A0155F200ACF560 /* CardView.swift in Sources */ = {isa = PBXBuildFile; fileRef = 296C65A31A0155F200ACF560 /* CardView.swift */; };
		297550C019F6DC7400E3F550 /* Info.plist in Resources */ = {isa = PBXBuildFile; fileRef = 297550BD19F6DC7400E3F550 /* Info.plist */; };
		29841F2219F893EE00A7ADAF /* PushNotificationUtil.swift in Sources */ = {isa = PBXBuildFile; fileRef = 29841F2119F893EE00A7ADAF /* PushNotificationUtil.swift */; };
		29841F2419F894ED00A7ADAF /* AddPushNotificationDeviceCallback.swift in Sources */ = {isa = PBXBuildFile; fileRef = 29841F2319F894ED00A7ADAF /* AddPushNotificationDeviceCallback.swift */; };
		29841F2619F8950900A7ADAF /* SettingsUtil.swift in Sources */ = {isa = PBXBuildFile; fileRef = 29841F2519F8950900A7ADAF /* SettingsUtil.swift */; };
		29841F2919F8955A00A7ADAF /* LRPushnotificationsdeviceService_v62.m in Sources */ = {isa = PBXBuildFile; fileRef = 29841F2819F8955A00A7ADAF /* LRPushnotificationsdeviceService_v62.m */; };
		29841F2B19F895E800A7ADAF /* DatabaseHelper.swift in Sources */ = {isa = PBXBuildFile; fileRef = 29841F2A19F895E800A7ADAF /* DatabaseHelper.swift */; };
		298A459E19F98BFC00D9AB93 /* Alert.swift in Sources */ = {isa = PBXBuildFile; fileRef = 298A459919F98BFC00D9AB93 /* Alert.swift */; };
		298A45A919F98CCB00D9AB93 /* Model.xcdatamodeld in Sources */ = {isa = PBXBuildFile; fileRef = 298A45A719F98CCB00D9AB93 /* Model.xcdatamodeld */; };
		298A45AB19F98D4E00D9AB93 /* User.swift in Sources */ = {isa = PBXBuildFile; fileRef = 298A45AA19F98D4E00D9AB93 /* User.swift */; };
		298A45AE19F9989A00D9AB93 /* AlertDAO.swift in Sources */ = {isa = PBXBuildFile; fileRef = 298A45AC19F9989A00D9AB93 /* AlertDAO.swift */; };
		298A45AF19F9989A00D9AB93 /* UserDAO.swift in Sources */ = {isa = PBXBuildFile; fileRef = 298A45AD19F9989A00D9AB93 /* UserDAO.swift */; };
		298A45B119FAD6CD00D9AB93 /* MainViewController.xib in Resources */ = {isa = PBXBuildFile; fileRef = 298A45B019FAD6CD00D9AB93 /* MainViewController.xib */; };
		299129FA1A1651A700E3CBF1 /* PollsChoice.swift in Sources */ = {isa = PBXBuildFile; fileRef = 299129F91A1651A700E3CBF1 /* PollsChoice.swift */; };
		2999F2BC1A001A1000456701 /* GradientUtil.swift in Sources */ = {isa = PBXBuildFile; fileRef = 2999F2BB1A001A1000456701 /* GradientUtil.swift */; };
		29C6357A19F6DD9600160E35 /* Images.xcassets in Resources */ = {isa = PBXBuildFile; fileRef = 29C6357919F6DD9600160E35 /* Images.xcassets */; };
		29C6357E19F6DDEE00160E35 /* LaunchScreen.xib in Resources */ = {isa = PBXBuildFile; fileRef = 29C6357D19F6DDEE00160E35 /* LaunchScreen.xib */; };
		29F8E49319FE886B000A7CA2 /* AlertExtension.swift in Sources */ = {isa = PBXBuildFile; fileRef = 29F8E49219FE886B000A7CA2 /* AlertExtension.swift */; };
		534554EDA6DA97F7571BD665 /* libPods.a in Frameworks */ = {isa = PBXBuildFile; fileRef = 9B9C5F42C056303CBB27D9EE /* libPods.a */; };
		755E0CF61A1E133300D9E829 /* UIView.swift in Sources */ = {isa = PBXBuildFile; fileRef = 755E0CF51A1E133300D9E829 /* UIView.swift */; };
		75B8DE771A097A5900298092 /* UIDimensions.swift in Sources */ = {isa = PBXBuildFile; fileRef = 75B8DE761A097A5900298092 /* UIDimensions.swift */; };
		75B8DE791A0A59D300298092 /* LiferayAlerts-Regular.ttf in Resources */ = {isa = PBXBuildFile; fileRef = 75B8DE781A0A59D300298092 /* LiferayAlerts-Regular.ttf */; };
		75B8DE7B1A0A5B2F00298092 /* FontUtil.swift in Sources */ = {isa = PBXBuildFile; fileRef = 75B8DE7A1A0A5B2F00298092 /* FontUtil.swift */; };
		75B8DE7D1A0AAC7500298092 /* TextCardView.swift in Sources */ = {isa = PBXBuildFile; fileRef = 75B8DE7C1A0AAC7500298092 /* TextCardView.swift */; };
		75B8DE7F1A0AB6AC00298092 /* TextCardView.xib in Resources */ = {isa = PBXBuildFile; fileRef = 75B8DE7E1A0AB6AC00298092 /* TextCardView.xib */; };
		75DA6CBE1A1127700078D3EE /* OperatorUtil.swift in Sources */ = {isa = PBXBuildFile; fileRef = 75DA6CBD1A1127700078D3EE /* OperatorUtil.swift */; };
		75DA6CC51A1131EB0078D3EE /* ImageCardView.swift in Sources */ = {isa = PBXBuildFile; fileRef = 75DA6CC41A1131EB0078D3EE /* ImageCardView.swift */; };
		75DA6CC91A11326A0078D3EE /* PollsChoiceContainerView.swift in Sources */ = {isa = PBXBuildFile; fileRef = 75DA6CC81A11326A0078D3EE /* PollsChoiceContainerView.swift */; };
		75DA6CCD1A1166580078D3EE /* AlertType.swift in Sources */ = {isa = PBXBuildFile; fileRef = 75DA6CCC1A1166580078D3EE /* AlertType.swift */; };
/* End PBXBuildFile section */

/* Begin PBXFileReference section */
		290106971A02CDA9003C0F05 /* TextAlertViewCell.xib */ = {isa = PBXFileReference; fileEncoding = 4; lastKnownFileType = file.xib; path = TextAlertViewCell.xib; sourceTree = "<group>"; };
		290106991A02CE0B003C0F05 /* TextAlertViewCell.swift */ = {isa = PBXFileReference; fileEncoding = 4; lastKnownFileType = sourcecode.swift; path = TextAlertViewCell.swift; sourceTree = "<group>"; };
		2901DB7019FEDCB100E25788 /* UIColor.swift */ = {isa = PBXFileReference; fileEncoding = 4; lastKnownFileType = sourcecode.swift; name = UIColor.swift; path = Extensions/UIColor.swift; sourceTree = "<group>"; };
		2901DB7319FEF71500E25788 /* UIColors.swift */ = {isa = PBXFileReference; fileEncoding = 4; lastKnownFileType = sourcecode.swift; path = UIColors.swift; sourceTree = "<group>"; };
		2917E7CC1A1640290050B757 /* PollsQuestion.swift */ = {isa = PBXFileReference; fileEncoding = 4; lastKnownFileType = sourcecode.swift; path = PollsQuestion.swift; sourceTree = "<group>"; };
		2938A55919F6D7AA00A72879 /* MainViewController.swift */ = {isa = PBXFileReference; fileEncoding = 4; lastKnownFileType = sourcecode.swift; path = MainViewController.swift; sourceTree = "<group>"; };
		2938A55B19F6D7AA00A72879 /* AppDelegate.swift */ = {isa = PBXFileReference; fileEncoding = 4; lastKnownFileType = sourcecode.swift; path = AppDelegate.swift; sourceTree = "<group>"; };
		293BB69B19F6A011004AF345 /* CoreData.framework */ = {isa = PBXFileReference; lastKnownFileType = wrapper.framework; name = CoreData.framework; path = System/Library/Frameworks/CoreData.framework; sourceTree = SDKROOT; };
		296160311A23615D00343359 /* PollsChoiceView.swift */ = {isa = PBXFileReference; fileEncoding = 4; lastKnownFileType = sourcecode.swift; path = PollsChoiceView.swift; sourceTree = "<group>"; };
		296160321A23615D00343359 /* PollsChoiceView.xib */ = {isa = PBXFileReference; fileEncoding = 4; lastKnownFileType = file.xib; path = PollsChoiceView.xib; sourceTree = "<group>"; };
		296160351A23657600343359 /* BaseAlertViewCell.swift */ = {isa = PBXFileReference; fileEncoding = 4; lastKnownFileType = sourcecode.swift; path = BaseAlertViewCell.swift; sourceTree = "<group>"; };
		2961603D1A237C5700343359 /* PollsAlertViewCell.swift */ = {isa = PBXFileReference; fileEncoding = 4; lastKnownFileType = sourcecode.swift; path = PollsAlertViewCell.swift; sourceTree = "<group>"; };
		2961603E1A237C5700343359 /* PollsAlertViewCell.xib */ = {isa = PBXFileReference; fileEncoding = 4; lastKnownFileType = file.xib; path = PollsAlertViewCell.xib; sourceTree = "<group>"; };
		296C65A31A0155F200ACF560 /* CardView.swift */ = {isa = PBXFileReference; fileEncoding = 4; lastKnownFileType = sourcecode.swift; path = CardView.swift; sourceTree = "<group>"; };
		297550BD19F6DC7400E3F550 /* Info.plist */ = {isa = PBXFileReference; fileEncoding = 4; lastKnownFileType = text.plist.xml; name = Info.plist; path = "Supporting Files/Info.plist"; sourceTree = "<group>"; };
		297C30CE19ED71EA00057718 /* LiferayAlerts.app */ = {isa = PBXFileReference; explicitFileType = wrapper.application; includeInIndex = 0; path = LiferayAlerts.app; sourceTree = BUILT_PRODUCTS_DIR; };
		29841F1519F88CE900A7ADAF /* LiferayAlerts-Bridging-Header.h */ = {isa = PBXFileReference; fileEncoding = 4; lastKnownFileType = sourcecode.c.h; name = "LiferayAlerts-Bridging-Header.h"; path = "Supporting Files/LiferayAlerts-Bridging-Header.h"; sourceTree = "<group>"; };
		29841F2119F893EE00A7ADAF /* PushNotificationUtil.swift */ = {isa = PBXFileReference; fileEncoding = 4; lastKnownFileType = sourcecode.swift; path = PushNotificationUtil.swift; sourceTree = "<group>"; };
		29841F2319F894ED00A7ADAF /* AddPushNotificationDeviceCallback.swift */ = {isa = PBXFileReference; fileEncoding = 4; lastKnownFileType = sourcecode.swift; name = AddPushNotificationDeviceCallback.swift; path = Callbacks/AddPushNotificationDeviceCallback.swift; sourceTree = "<group>"; };
		29841F2519F8950900A7ADAF /* SettingsUtil.swift */ = {isa = PBXFileReference; fileEncoding = 4; lastKnownFileType = sourcecode.swift; path = SettingsUtil.swift; sourceTree = "<group>"; };
		29841F2719F8955A00A7ADAF /* LRPushnotificationsdeviceService_v62.h */ = {isa = PBXFileReference; fileEncoding = 4; lastKnownFileType = sourcecode.c.h; path = LRPushnotificationsdeviceService_v62.h; sourceTree = "<group>"; };
		29841F2819F8955A00A7ADAF /* LRPushnotificationsdeviceService_v62.m */ = {isa = PBXFileReference; fileEncoding = 4; lastKnownFileType = sourcecode.c.objc; path = LRPushnotificationsdeviceService_v62.m; sourceTree = "<group>"; };
		29841F2A19F895E800A7ADAF /* DatabaseHelper.swift */ = {isa = PBXFileReference; fileEncoding = 4; lastKnownFileType = sourcecode.swift; path = DatabaseHelper.swift; sourceTree = "<group>"; };
		298A459919F98BFC00D9AB93 /* Alert.swift */ = {isa = PBXFileReference; fileEncoding = 4; lastKnownFileType = sourcecode.swift; name = Alert.swift; path = Extensions/Alert.swift; sourceTree = "<group>"; };
		298A45A819F98CCB00D9AB93 /* Model.xcdatamodel */ = {isa = PBXFileReference; lastKnownFileType = wrapper.xcdatamodel; path = Model.xcdatamodel; sourceTree = "<group>"; };
		298A45AA19F98D4E00D9AB93 /* User.swift */ = {isa = PBXFileReference; fileEncoding = 4; lastKnownFileType = sourcecode.swift; path = User.swift; sourceTree = "<group>"; };
		298A45AC19F9989A00D9AB93 /* AlertDAO.swift */ = {isa = PBXFileReference; fileEncoding = 4; lastKnownFileType = sourcecode.swift; path = AlertDAO.swift; sourceTree = "<group>"; };
		298A45AD19F9989A00D9AB93 /* UserDAO.swift */ = {isa = PBXFileReference; fileEncoding = 4; lastKnownFileType = sourcecode.swift; path = UserDAO.swift; sourceTree = "<group>"; };
		298A45B019FAD6CD00D9AB93 /* MainViewController.xib */ = {isa = PBXFileReference; fileEncoding = 4; lastKnownFileType = file.xib; path = MainViewController.xib; sourceTree = "<group>"; };
		299129F91A1651A700E3CBF1 /* PollsChoice.swift */ = {isa = PBXFileReference; fileEncoding = 4; lastKnownFileType = sourcecode.swift; path = PollsChoice.swift; sourceTree = "<group>"; };
		2999F2BB1A001A1000456701 /* GradientUtil.swift */ = {isa = PBXFileReference; fileEncoding = 4; lastKnownFileType = sourcecode.swift; path = GradientUtil.swift; sourceTree = "<group>"; };
		29C6357919F6DD9600160E35 /* Images.xcassets */ = {isa = PBXFileReference; lastKnownFileType = folder.assetcatalog; name = Images.xcassets; path = Assets/Images.xcassets; sourceTree = "<group>"; };
		29C6357D19F6DDEE00160E35 /* LaunchScreen.xib */ = {isa = PBXFileReference; fileEncoding = 4; lastKnownFileType = file.xib; path = LaunchScreen.xib; sourceTree = "<group>"; };
		29F8E49219FE886B000A7CA2 /* AlertExtension.swift */ = {isa = PBXFileReference; fileEncoding = 4; lastKnownFileType = sourcecode.swift; name = AlertExtension.swift; path = Extensions/AlertExtension.swift; sourceTree = "<group>"; };
		4B90D4F048190E83E3FB5B14 /* Pods.release.xcconfig */ = {isa = PBXFileReference; includeInIndex = 1; lastKnownFileType = text.xcconfig; name = Pods.release.xcconfig; path = "Pods/Target Support Files/Pods/Pods.release.xcconfig"; sourceTree = "<group>"; };
		755E0CF51A1E133300D9E829 /* UIView.swift */ = {isa = PBXFileReference; fileEncoding = 4; lastKnownFileType = sourcecode.swift; name = UIView.swift; path = Extensions/UIView.swift; sourceTree = "<group>"; };
		75B8DE761A097A5900298092 /* UIDimensions.swift */ = {isa = PBXFileReference; fileEncoding = 4; lastKnownFileType = sourcecode.swift; path = UIDimensions.swift; sourceTree = "<group>"; };
		75B8DE781A0A59D300298092 /* LiferayAlerts-Regular.ttf */ = {isa = PBXFileReference; lastKnownFileType = file; name = "LiferayAlerts-Regular.ttf"; path = "Assets/LiferayAlerts-Regular.ttf"; sourceTree = "<group>"; };
		75B8DE7A1A0A5B2F00298092 /* FontUtil.swift */ = {isa = PBXFileReference; fileEncoding = 4; lastKnownFileType = sourcecode.swift; path = FontUtil.swift; sourceTree = "<group>"; };
		75B8DE7C1A0AAC7500298092 /* TextCardView.swift */ = {isa = PBXFileReference; fileEncoding = 4; lastKnownFileType = sourcecode.swift; path = TextCardView.swift; sourceTree = "<group>"; };
		75B8DE7E1A0AB6AC00298092 /* TextCardView.xib */ = {isa = PBXFileReference; fileEncoding = 4; lastKnownFileType = file.xib; path = TextCardView.xib; sourceTree = "<group>"; };
		75DA6CBD1A1127700078D3EE /* OperatorUtil.swift */ = {isa = PBXFileReference; fileEncoding = 4; lastKnownFileType = sourcecode.swift; path = OperatorUtil.swift; sourceTree = "<group>"; };
		75DA6CC41A1131EB0078D3EE /* ImageCardView.swift */ = {isa = PBXFileReference; fileEncoding = 4; lastKnownFileType = sourcecode.swift; path = ImageCardView.swift; sourceTree = "<group>"; };
		75DA6CC81A11326A0078D3EE /* PollsChoiceContainerView.swift */ = {isa = PBXFileReference; fileEncoding = 4; lastKnownFileType = sourcecode.swift; path = PollsChoiceContainerView.swift; sourceTree = "<group>"; };
		75DA6CCC1A1166580078D3EE /* AlertType.swift */ = {isa = PBXFileReference; fileEncoding = 4; lastKnownFileType = sourcecode.swift; path = AlertType.swift; sourceTree = "<group>"; };
		9B9C5F42C056303CBB27D9EE /* libPods.a */ = {isa = PBXFileReference; explicitFileType = archive.ar; includeInIndex = 0; path = libPods.a; sourceTree = BUILT_PRODUCTS_DIR; };
		F02323913B620570916343E5 /* Pods.debug.xcconfig */ = {isa = PBXFileReference; includeInIndex = 1; lastKnownFileType = text.xcconfig; name = Pods.debug.xcconfig; path = "Pods/Target Support Files/Pods/Pods.debug.xcconfig"; sourceTree = "<group>"; };
/* End PBXFileReference section */

/* Begin PBXFrameworksBuildPhase section */
		297C30CB19ED71EA00057718 /* Frameworks */ = {
			isa = PBXFrameworksBuildPhase;
			buildActionMask = 2147483647;
			files = (
				293BB69C19F6A011004AF345 /* CoreData.framework in Frameworks */,
				534554EDA6DA97F7571BD665 /* libPods.a in Frameworks */,
			);
			runOnlyForDeploymentPostprocessing = 0;
		};
/* End PBXFrameworksBuildPhase section */

/* Begin PBXGroup section */
		2901069B1A03FBBF003C0F05 /* AlertViewCell */ = {
			isa = PBXGroup;
			children = (
				2961603D1A237C5700343359 /* PollsAlertViewCell.swift */,
				2961603E1A237C5700343359 /* PollsAlertViewCell.xib */,
				296160351A23657600343359 /* BaseAlertViewCell.swift */,
				290106991A02CE0B003C0F05 /* TextAlertViewCell.swift */,
				290106971A02CDA9003C0F05 /* TextAlertViewCell.xib */,
			);
			path = AlertViewCell;
			sourceTree = "<group>";
		};
		2901DB7219FEEE7500E25788 /* Extensions */ = {
			isa = PBXGroup;
			children = (
				2901DB7019FEDCB100E25788 /* UIColor.swift */,
				755E0CF51A1E133300D9E829 /* UIView.swift */,
			);
			name = Extensions;
			sourceTree = "<group>";
		};
		2905A27403D643F8DDE5CD3C /* Pods */ = {
			isa = PBXGroup;
			children = (
				F02323913B620570916343E5 /* Pods.debug.xcconfig */,
				4B90D4F048190E83E3FB5B14 /* Pods.release.xcconfig */,
			);
			name = Pods;
			sourceTree = "<group>";
		};
		2938A55319F6D7AA00A72879 /* LiferayAlerts */ = {
			isa = PBXGroup;
			children = (
				29C6357B19F6DD9D00160E35 /* Assets */,
				29841F1D19F88EB600A7ADAF /* Callbacks */,
				2938A55819F6D7AA00A72879 /* Controllers */,
				29841F1E19F8914700A7ADAF /* Database */,
				2938A55A19F6D7AA00A72879 /* Delegates */,
				2901DB7219FEEE7500E25788 /* Extensions */,
				298A459819F98BFC00D9AB93 /* Models */,
				29841F1119F88CB400A7ADAF /* Services */,
				297550BA19F6DC3200E3F550 /* Supporting Files */,
				29841F1619F88D6D00A7ADAF /* Util */,
				29C6357C19F6DDEE00160E35 /* Views */,
			);
			path = LiferayAlerts;
			sourceTree = "<group>";
		};
		2938A55819F6D7AA00A72879 /* Controllers */ = {
			isa = PBXGroup;
			children = (
				2901069B1A03FBBF003C0F05 /* AlertViewCell */,
				298A45B019FAD6CD00D9AB93 /* MainViewController.xib */,
				2938A55919F6D7AA00A72879 /* MainViewController.swift */,
			);
			path = Controllers;
			sourceTree = "<group>";
		};
		2938A55A19F6D7AA00A72879 /* Delegates */ = {
			isa = PBXGroup;
			children = (
				2938A55B19F6D7AA00A72879 /* AppDelegate.swift */,
			);
			path = Delegates;
			sourceTree = "<group>";
		};
		297550BA19F6DC3200E3F550 /* Supporting Files */ = {
			isa = PBXGroup;
			children = (
				298A45A719F98CCB00D9AB93 /* Model.xcdatamodeld */,
				29841F1519F88CE900A7ADAF /* LiferayAlerts-Bridging-Header.h */,
				297550BD19F6DC7400E3F550 /* Info.plist */,
			);
			name = "Supporting Files";
			sourceTree = "<group>";
		};
		297C30C519ED71EA00057718 = {
			isa = PBXGroup;
			children = (
				2938A55319F6D7AA00A72879 /* LiferayAlerts */,
				297C30CF19ED71EA00057718 /* Products */,
				2905A27403D643F8DDE5CD3C /* Pods */,
				D7017E4CB05CE1901C6DB99B /* Frameworks */,
			);
			sourceTree = "<group>";
		};
		297C30CF19ED71EA00057718 /* Products */ = {
			isa = PBXGroup;
			children = (
				297C30CE19ED71EA00057718 /* LiferayAlerts.app */,
			);
			name = Products;
			sourceTree = "<group>";
		};
		29841F1119F88CB400A7ADAF /* Services */ = {
			isa = PBXGroup;
			children = (
				29841F2719F8955A00A7ADAF /* LRPushnotificationsdeviceService_v62.h */,
				29841F2819F8955A00A7ADAF /* LRPushnotificationsdeviceService_v62.m */,
			);
			path = Services;
			sourceTree = "<group>";
		};
		29841F1619F88D6D00A7ADAF /* Util */ = {
			isa = PBXGroup;
			children = (
				75B8DE7A1A0A5B2F00298092 /* FontUtil.swift */,
				2999F2BB1A001A1000456701 /* GradientUtil.swift */,
				75DA6CBD1A1127700078D3EE /* OperatorUtil.swift */,
				29841F2119F893EE00A7ADAF /* PushNotificationUtil.swift */,
				29841F2519F8950900A7ADAF /* SettingsUtil.swift */,
				2901DB7319FEF71500E25788 /* UIColors.swift */,
				75B8DE761A097A5900298092 /* UIDimensions.swift */,
			);
			path = Util;
			sourceTree = "<group>";
		};
		29841F1D19F88EB600A7ADAF /* Callbacks */ = {
			isa = PBXGroup;
			children = (
				29841F2319F894ED00A7ADAF /* AddPushNotificationDeviceCallback.swift */,
			);
			name = Callbacks;
			sourceTree = "<group>";
		};
		29841F1E19F8914700A7ADAF /* Database */ = {
			isa = PBXGroup;
			children = (
				298A45AC19F9989A00D9AB93 /* AlertDAO.swift */,
				298A45AD19F9989A00D9AB93 /* UserDAO.swift */,
				29841F2A19F895E800A7ADAF /* DatabaseHelper.swift */,
			);
			path = Database;
			sourceTree = "<group>";
		};
		298A459819F98BFC00D9AB93 /* Models */ = {
			isa = PBXGroup;
			children = (
				299A49DF19FE8C4800CBE348 /* Alert */,
				299129F91A1651A700E3CBF1 /* PollsChoice.swift */,
				2917E7CC1A1640290050B757 /* PollsQuestion.swift */,
				298A45AA19F98D4E00D9AB93 /* User.swift */,
			);
			path = Models;
			sourceTree = "<group>";
		};
		299A49DF19FE8C4800CBE348 /* Alert */ = {
			isa = PBXGroup;
			children = (
				298A459919F98BFC00D9AB93 /* Alert.swift */,
				29F8E49219FE886B000A7CA2 /* AlertExtension.swift */,
				75DA6CCC1A1166580078D3EE /* AlertType.swift */,
			);
			name = Alert;
			sourceTree = "<group>";
		};
		29C6357B19F6DD9D00160E35 /* Assets */ = {
			isa = PBXGroup;
			children = (
				75B8DE781A0A59D300298092 /* LiferayAlerts-Regular.ttf */,
				29C6357919F6DD9600160E35 /* Images.xcassets */,
			);
			name = Assets;
			sourceTree = "<group>";
		};
		29C6357C19F6DDEE00160E35 /* Views */ = {
			isa = PBXGroup;
			children = (
				75DA6CBF1A11283A0078D3EE /* Card Views */,
				29C6357D19F6DDEE00160E35 /* LaunchScreen.xib */,
			);
			path = Views;
			sourceTree = "<group>";
		};
		75DA6CBF1A11283A0078D3EE /* Card Views */ = {
			isa = PBXGroup;
			children = (
				296C65A31A0155F200ACF560 /* CardView.swift */,
				75DA6CC41A1131EB0078D3EE /* ImageCardView.swift */,
				296160311A23615D00343359 /* PollsChoiceView.swift */,
				296160321A23615D00343359 /* PollsChoiceView.xib */,
				75DA6CC81A11326A0078D3EE /* PollsChoiceContainerView.swift */,
				75B8DE7C1A0AAC7500298092 /* TextCardView.swift */,
				75B8DE7E1A0AB6AC00298092 /* TextCardView.xib */,
			);
			path = "Card Views";
			sourceTree = "<group>";
		};
		D7017E4CB05CE1901C6DB99B /* Frameworks */ = {
			isa = PBXGroup;
			children = (
				293BB69B19F6A011004AF345 /* CoreData.framework */,
				9B9C5F42C056303CBB27D9EE /* libPods.a */,
			);
			name = Frameworks;
			sourceTree = "<group>";
		};
/* End PBXGroup section */

/* Begin PBXNativeTarget section */
		297C30CD19ED71EA00057718 /* LiferayAlerts */ = {
			isa = PBXNativeTarget;
			buildConfigurationList = 297C30ED19ED71EA00057718 /* Build configuration list for PBXNativeTarget "LiferayAlerts" */;
			buildPhases = (
				E1AF7F6CD403CDC511D0322F /* Check Pods Manifest.lock */,
				297C30CA19ED71EA00057718 /* Sources */,
				297C30CB19ED71EA00057718 /* Frameworks */,
				297C30CC19ED71EA00057718 /* Resources */,
				1A70DC9808FB2F11AA74D062 /* Copy Pods Resources */,
			);
			buildRules = (
			);
			dependencies = (
			);
			name = LiferayAlerts;
			productName = "Liferay Alerts";
			productReference = 297C30CE19ED71EA00057718 /* LiferayAlerts.app */;
			productType = "com.apple.product-type.application";
		};
/* End PBXNativeTarget section */

/* Begin PBXProject section */
		297C30C619ED71EA00057718 /* Project object */ = {
			isa = PBXProject;
			attributes = {
				LastUpgradeCheck = 0600;
				ORGANIZATIONNAME = Liferay;
				TargetAttributes = {
					297C30CD19ED71EA00057718 = {
						CreatedOnToolsVersion = 6.0.1;
						DevelopmentTeam = 7H3SPU5TB9;
						SystemCapabilities = {
							com.apple.BackgroundModes = {
								enabled = 0;
							};
						};
					};
				};
			};
			buildConfigurationList = 297C30C919ED71EA00057718 /* Build configuration list for PBXProject "LiferayAlerts" */;
			compatibilityVersion = "Xcode 3.2";
			developmentRegion = English;
			hasScannedForEncodings = 0;
			knownRegions = (
				en,
				Base,
				es,
			);
			mainGroup = 297C30C519ED71EA00057718;
			productRefGroup = 297C30CF19ED71EA00057718 /* Products */;
			projectDirPath = "";
			projectRoot = "";
			targets = (
				297C30CD19ED71EA00057718 /* LiferayAlerts */,
			);
		};
/* End PBXProject section */

/* Begin PBXResourcesBuildPhase section */
		297C30CC19ED71EA00057718 /* Resources */ = {
			isa = PBXResourcesBuildPhase;
			buildActionMask = 2147483647;
			files = (
				290106981A02CDA9003C0F05 /* TextAlertViewCell.xib in Resources */,
				296160401A237C5700343359 /* PollsAlertViewCell.xib in Resources */,
				29C6357A19F6DD9600160E35 /* Images.xcassets in Resources */,
				75B8DE791A0A59D300298092 /* LiferayAlerts-Regular.ttf in Resources */,
				296160341A23615D00343359 /* PollsChoiceView.xib in Resources */,
				29C6357E19F6DDEE00160E35 /* LaunchScreen.xib in Resources */,
				297550C019F6DC7400E3F550 /* Info.plist in Resources */,
				298A45B119FAD6CD00D9AB93 /* MainViewController.xib in Resources */,
				75B8DE7F1A0AB6AC00298092 /* TextCardView.xib in Resources */,
			);
			runOnlyForDeploymentPostprocessing = 0;
		};
/* End PBXResourcesBuildPhase section */

/* Begin PBXShellScriptBuildPhase section */
		1A70DC9808FB2F11AA74D062 /* Copy Pods Resources */ = {
			isa = PBXShellScriptBuildPhase;
			buildActionMask = 2147483647;
			files = (
			);
			inputPaths = (
			);
			name = "Copy Pods Resources";
			outputPaths = (
			);
			runOnlyForDeploymentPostprocessing = 0;
			shellPath = /bin/sh;
			shellScript = "\"${SRCROOT}/Pods/Target Support Files/Pods/Pods-resources.sh\"\n";
			showEnvVarsInLog = 0;
		};
		E1AF7F6CD403CDC511D0322F /* Check Pods Manifest.lock */ = {
			isa = PBXShellScriptBuildPhase;
			buildActionMask = 2147483647;
			files = (
			);
			inputPaths = (
			);
			name = "Check Pods Manifest.lock";
			outputPaths = (
			);
			runOnlyForDeploymentPostprocessing = 0;
			shellPath = /bin/sh;
			shellScript = "diff \"${PODS_ROOT}/../Podfile.lock\" \"${PODS_ROOT}/Manifest.lock\" > /dev/null\nif [[ $? != 0 ]] ; then\n    cat << EOM\nerror: The sandbox is not in sync with the Podfile.lock. Run 'pod install' or update your CocoaPods installation.\nEOM\n    exit 1\nfi\n";
			showEnvVarsInLog = 0;
		};
/* End PBXShellScriptBuildPhase section */

/* Begin PBXSourcesBuildPhase section */
		297C30CA19ED71EA00057718 /* Sources */ = {
			isa = PBXSourcesBuildPhase;
			buildActionMask = 2147483647;
			files = (
				296160361A23657600343359 /* BaseAlertViewCell.swift in Sources */,
				298A45AB19F98D4E00D9AB93 /* User.swift in Sources */,
				2938A56D19F6D7AA00A72879 /* AppDelegate.swift in Sources */,
				298A45AE19F9989A00D9AB93 /* AlertDAO.swift in Sources */,
				2901069A1A02CE0B003C0F05 /* TextAlertViewCell.swift in Sources */,
				755E0CF61A1E133300D9E829 /* UIView.swift in Sources */,
				2901DB7119FEDCB200E25788 /* UIColor.swift in Sources */,
				299129FA1A1651A700E3CBF1 /* PollsChoice.swift in Sources */,
				2938A56C19F6D7AA00A72879 /* MainViewController.swift in Sources */,
				29841F2219F893EE00A7ADAF /* PushNotificationUtil.swift in Sources */,
				75DA6CC51A1131EB0078D3EE /* ImageCardView.swift in Sources */,
				2917E7CD1A1640290050B757 /* PollsQuestion.swift in Sources */,
				29841F2B19F895E800A7ADAF /* DatabaseHelper.swift in Sources */,
				29841F2919F8955A00A7ADAF /* LRPushnotificationsdeviceService_v62.m in Sources */,
				29F8E49319FE886B000A7CA2 /* AlertExtension.swift in Sources */,
				75DA6CCD1A1166580078D3EE /* AlertType.swift in Sources */,
				75B8DE7B1A0A5B2F00298092 /* FontUtil.swift in Sources */,
				75B8DE771A097A5900298092 /* UIDimensions.swift in Sources */,
				75DA6CC91A11326A0078D3EE /* PollsChoiceContainerView.swift in Sources */,
				298A45AF19F9989A00D9AB93 /* UserDAO.swift in Sources */,
				296160331A23615D00343359 /* PollsChoiceView.swift in Sources */,
				75DA6CBE1A1127700078D3EE /* OperatorUtil.swift in Sources */,
				29841F2419F894ED00A7ADAF /* AddPushNotificationDeviceCallback.swift in Sources */,
				298A459E19F98BFC00D9AB93 /* Alert.swift in Sources */,
				298A45A919F98CCB00D9AB93 /* Model.xcdatamodeld in Sources */,
				29841F2619F8950900A7ADAF /* SettingsUtil.swift in Sources */,
				2901DB7419FEF71500E25788 /* UIColors.swift in Sources */,
				2961603F1A237C5700343359 /* PollsAlertViewCell.swift in Sources */,
				75B8DE7D1A0AAC7500298092 /* TextCardView.swift in Sources */,
				296C65A41A0155F200ACF560 /* CardView.swift in Sources */,
				2999F2BC1A001A1000456701 /* GradientUtil.swift in Sources */,
			);
			runOnlyForDeploymentPostprocessing = 0;
		};
/* End PBXSourcesBuildPhase section */

/* Begin XCBuildConfiguration section */
		297C30EB19ED71EA00057718 /* Debug */ = {
			isa = XCBuildConfiguration;
			buildSettings = {
				ALWAYS_SEARCH_USER_PATHS = NO;
				CLANG_CXX_LANGUAGE_STANDARD = "gnu++0x";
				CLANG_CXX_LIBRARY = "libc++";
				CLANG_ENABLE_MODULES = YES;
				CLANG_ENABLE_OBJC_ARC = YES;
				CLANG_WARN_BOOL_CONVERSION = YES;
				CLANG_WARN_CONSTANT_CONVERSION = YES;
				CLANG_WARN_DIRECT_OBJC_ISA_USAGE = YES_ERROR;
				CLANG_WARN_EMPTY_BODY = YES;
				CLANG_WARN_ENUM_CONVERSION = YES;
				CLANG_WARN_INT_CONVERSION = YES;
				CLANG_WARN_OBJC_ROOT_CLASS = YES_ERROR;
				CLANG_WARN_UNREACHABLE_CODE = YES;
				CLANG_WARN__DUPLICATE_METHOD_MATCH = YES;
				"CODE_SIGN_IDENTITY[sdk=iphoneos*]" = "iPhone Developer";
				COPY_PHASE_STRIP = NO;
				ENABLE_STRICT_OBJC_MSGSEND = YES;
				GCC_C_LANGUAGE_STANDARD = gnu99;
				GCC_DYNAMIC_NO_PIC = NO;
				GCC_OPTIMIZATION_LEVEL = 0;
				GCC_PREPROCESSOR_DEFINITIONS = (
					"DEBUG=1",
					"$(inherited)",
				);
				GCC_SYMBOLS_PRIVATE_EXTERN = NO;
				GCC_WARN_64_TO_32_BIT_CONVERSION = YES;
				GCC_WARN_ABOUT_RETURN_TYPE = YES_ERROR;
				GCC_WARN_UNDECLARED_SELECTOR = YES;
				GCC_WARN_UNINITIALIZED_AUTOS = YES_AGGRESSIVE;
				GCC_WARN_UNUSED_FUNCTION = YES;
				GCC_WARN_UNUSED_VARIABLE = YES;
				IPHONEOS_DEPLOYMENT_TARGET = 8.0;
				MTL_ENABLE_DEBUG_INFO = YES;
				ONLY_ACTIVE_ARCH = YES;
				SDKROOT = iphoneos;
				SWIFT_OBJC_BRIDGING_HEADER = "";
				SWIFT_OPTIMIZATION_LEVEL = "-Onone";
				TARGETED_DEVICE_FAMILY = "1,2";
			};
			name = Debug;
		};
		297C30EC19ED71EA00057718 /* Release */ = {
			isa = XCBuildConfiguration;
			buildSettings = {
				ALWAYS_SEARCH_USER_PATHS = NO;
				CLANG_CXX_LANGUAGE_STANDARD = "gnu++0x";
				CLANG_CXX_LIBRARY = "libc++";
				CLANG_ENABLE_MODULES = YES;
				CLANG_ENABLE_OBJC_ARC = YES;
				CLANG_WARN_BOOL_CONVERSION = YES;
				CLANG_WARN_CONSTANT_CONVERSION = YES;
				CLANG_WARN_DIRECT_OBJC_ISA_USAGE = YES_ERROR;
				CLANG_WARN_EMPTY_BODY = YES;
				CLANG_WARN_ENUM_CONVERSION = YES;
				CLANG_WARN_INT_CONVERSION = YES;
				CLANG_WARN_OBJC_ROOT_CLASS = YES_ERROR;
				CLANG_WARN_UNREACHABLE_CODE = YES;
				CLANG_WARN__DUPLICATE_METHOD_MATCH = YES;
				"CODE_SIGN_IDENTITY[sdk=iphoneos*]" = "iPhone Developer";
				COPY_PHASE_STRIP = YES;
				ENABLE_NS_ASSERTIONS = NO;
				ENABLE_STRICT_OBJC_MSGSEND = YES;
				GCC_C_LANGUAGE_STANDARD = gnu99;
				GCC_WARN_64_TO_32_BIT_CONVERSION = YES;
				GCC_WARN_ABOUT_RETURN_TYPE = YES_ERROR;
				GCC_WARN_UNDECLARED_SELECTOR = YES;
				GCC_WARN_UNINITIALIZED_AUTOS = YES_AGGRESSIVE;
				GCC_WARN_UNUSED_FUNCTION = YES;
				GCC_WARN_UNUSED_VARIABLE = YES;
				IPHONEOS_DEPLOYMENT_TARGET = 8.0;
				MTL_ENABLE_DEBUG_INFO = NO;
				SDKROOT = iphoneos;
				SWIFT_OBJC_BRIDGING_HEADER = "";
				TARGETED_DEVICE_FAMILY = "1,2";
				VALIDATE_PRODUCT = YES;
			};
			name = Release;
		};
		297C30EE19ED71EA00057718 /* Debug */ = {
			isa = XCBuildConfiguration;
			baseConfigurationReference = F02323913B620570916343E5 /* Pods.debug.xcconfig */;
			buildSettings = {
				ASSETCATALOG_COMPILER_APPICON_NAME = AppIcon;
				CODE_SIGN_IDENTITY = "iPhone Developer";
				INFOPLIST_FILE = "$(SRCROOT)/LiferayAlerts/Supporting Files/Info.plist";
				IPHONEOS_DEPLOYMENT_TARGET = 8.1;
				LD_RUNPATH_SEARCH_PATHS = "$(inherited) @executable_path/Frameworks";
				PRODUCT_NAME = LiferayAlerts;
				SWIFT_OBJC_BRIDGING_HEADER = "LiferayAlerts/Supporting Files/LiferayAlerts-Bridging-Header.h";
				TARGETED_DEVICE_FAMILY = 1;
			};
			name = Debug;
		};
		297C30EF19ED71EA00057718 /* Release */ = {
			isa = XCBuildConfiguration;
			baseConfigurationReference = 4B90D4F048190E83E3FB5B14 /* Pods.release.xcconfig */;
			buildSettings = {
				ASSETCATALOG_COMPILER_APPICON_NAME = AppIcon;
				CODE_SIGN_IDENTITY = "iPhone Developer";
				INFOPLIST_FILE = "$(SRCROOT)/LiferayAlerts/Supporting Files/Info.plist";
				IPHONEOS_DEPLOYMENT_TARGET = 8.1;
				LD_RUNPATH_SEARCH_PATHS = "$(inherited) @executable_path/Frameworks";
				PRODUCT_NAME = LiferayAlerts;
				SWIFT_OBJC_BRIDGING_HEADER = "LiferayAlerts/Supporting Files/LiferayAlerts-Bridging-Header.h";
				TARGETED_DEVICE_FAMILY = 1;
			};
			name = Release;
		};
/* End XCBuildConfiguration section */

/* Begin XCConfigurationList section */
		297C30C919ED71EA00057718 /* Build configuration list for PBXProject "LiferayAlerts" */ = {
			isa = XCConfigurationList;
			buildConfigurations = (
				297C30EB19ED71EA00057718 /* Debug */,
				297C30EC19ED71EA00057718 /* Release */,
			);
			defaultConfigurationIsVisible = 0;
			defaultConfigurationName = Release;
		};
		297C30ED19ED71EA00057718 /* Build configuration list for PBXNativeTarget "LiferayAlerts" */ = {
			isa = XCConfigurationList;
			buildConfigurations = (
				297C30EE19ED71EA00057718 /* Debug */,
				297C30EF19ED71EA00057718 /* Release */,
			);
			defaultConfigurationIsVisible = 0;
			defaultConfigurationName = Release;
		};
/* End XCConfigurationList section */

/* Begin XCVersionGroup section */
		298A45A719F98CCB00D9AB93 /* Model.xcdatamodeld */ = {
			isa = XCVersionGroup;
			children = (
				298A45A819F98CCB00D9AB93 /* Model.xcdatamodel */,
			);
			currentVersion = 298A45A819F98CCB00D9AB93 /* Model.xcdatamodel */;
			name = Model.xcdatamodeld;
			path = "Supporting Files/Model.xcdatamodeld";
			sourceTree = "<group>";
			versionGroupType = wrapper.xcdatamodel;
		};
/* End XCVersionGroup section */
	};
	rootObject = 297C30C619ED71EA00057718 /* Project object */;
}
